
Microsoft Visual Studio Solution File, Format Version 12.00
# Visual Studio for Mac
Project("{FAE04EC0-301F-11D3-BF4B-00C04F79EFBC}") = "Assembly-CSharp", "Assembly-CSharp.csproj", "{5900E506-BBAC-C7A9-20B1-62B18223E820}"
EndProject
Project("{FAE04EC0-301F-11D3-BF4B-00C04F79EFBC}") = "Assembly-CSharp-Editor", "Assembly-CSharp-Editor.csproj", "{7E4CA9DA-8AE5-F7E2-6180-B96C06A7C934}"
EndProject
Global
	GlobalSection(SolutionConfigurationPlatforms) = preSolution
		Debug|Any CPU = Debug|Any CPU
		Release|Any CPU = Release|Any CPU
	EndGlobalSection
	GlobalSection(ProjectConfigurationPlatforms) = postSolution
		{5900E506-BBAC-C7A9-20B1-62B18223E820}.Debug|Any CPU.ActiveCfg = Debug|Any CPU
		{5900E506-BBAC-C7A9-20B1-62B18223E820}.Debug|Any CPU.Build.0 = Debug|Any CPU
		{5900E506-BBAC-C7A9-20B1-62B18223E820}.Release|Any CPU.ActiveCfg = Release|Any CPU
		{5900E506-BBAC-C7A9-20B1-62B18223E820}.Release|Any CPU.Build.0 = Release|Any CPU
		{7E4CA9DA-8AE5-F7E2-6180-B96C06A7C934}.Debug|Any CPU.ActiveCfg = Debug|Any CPU
		{7E4CA9DA-8AE5-F7E2-6180-B96C06A7C934}.Debug|Any CPU.Build.0 = Debug|Any CPU
		{7E4CA9DA-8AE5-F7E2-6180-B96C06A7C934}.Release|Any CPU.ActiveCfg = Release|Any CPU
		{7E4CA9DA-8AE5-F7E2-6180-B96C06A7C934}.Release|Any CPU.Build.0 = Release|Any CPU
	EndGlobalSection
	GlobalSection(SolutionProperties) = preSolution
		HideSolutionNode = FALSE
	EndGlobalSection
EndGlobal
